
Microsoft Visual Studio Solution File, Format Version 12.00
# Visual Studio 15
VisualStudioVersion = 15.0.35431.46
MinimumVisualStudioVersion = 10.0.40219.1
Project("{FAE04EC0-301F-11D3-BF4B-00C04F79EFBC}") = "uml1", "uml1\uml1.csproj", "{0F170784-4C3A-4E7B-AD7D-8AD509BEDB60}"
EndProject
Global
	GlobalSection(SolutionConfigurationPlatforms) = preSolution
		Debug|Any CPU = Debug|Any CPU
		Release|Any CPU = Release|Any CPU
	EndGlobalSection
	GlobalSection(ProjectConfigurationPlatforms) = postSolution
		{0F170784-4C3A-4E7B-AD7D-8AD509BEDB60}.Debug|Any CPU.ActiveCfg = Debug|Any CPU
		{0F170784-4C3A-4E7B-AD7D-8AD509BEDB60}.Debug|Any CPU.Build.0 = Debug|Any CPU
		{0F170784-4C3A-4E7B-AD7D-8AD509BEDB60}.Release|Any CPU.ActiveCfg = Release|Any CPU
		{0F170784-4C3A-4E7B-AD7D-8AD509BEDB60}.Release|Any CPU.Build.0 = Release|Any CPU
	EndGlobalSection
	GlobalSection(SolutionProperties) = preSolution
		HideSolutionNode = FALSE
	EndGlobalSection
	GlobalSection(ExtensibilityGlobals) = postSolution
		SolutionGuid = {7DB7377B-9572-4366-8771-60E80F782D1B}
	EndGlobalSection
EndGlobal
